{
  "version": 4,
  "terraform_version": "1.9.5",
  "serial": 78,
  "lineage": "5a4c5afb-ff8b-6e3e-d97c-eaa7c9dfadc3",
  "outputs": {
    "public_ip_address": {
      "value": "mtclab-vm: 40.121.108.248",
      "type": "string"
    }
  },
  "resources": [
    {
      "mode": "data",
      "type": "azurerm_public_ip",
      "name": "mtclab-ip-data",
      "provider": "provider[\"registry.terraform.io/hashicorp/azurerm\"]",
      "instances": [
        {
          "schema_version": 0,
          "attributes": {
            "allocation_method": "Dynamic",
            "ddos_protection_mode": "VirtualNetworkInherited",
            "ddos_protection_plan_id": null,
            "domain_name_label": "",
            "fqdn": "",
            "id": "/subscriptions/a4c2f38b-78ba-42c2-8ff5-c618899339c5/resourceGroups/mtclab-resources/providers/Microsoft.Network/publicIPAddresses/mtclab-ip",
            "idle_timeout_in_minutes": 4,
            "ip_address": "40.121.108.248",
            "ip_tags": {},
            "ip_version": "IPv4",
            "location": "eastus",
            "name": "mtclab-ip",
            "resource_group_name": "mtclab-resources",
            "reverse_fqdn": "",
            "sku": "Basic",
            "tags": {
              "environment": "dev"
            },
            "timeouts": null,
            "zones": []
          },
          "sensitive_attributes": []
        }
      ]
    },
    {
      "mode": "managed",
      "type": "azurerm_linux_virtual_machine",
      "name": "mtclab-vm",
      "provider": "provider[\"registry.terraform.io/hashicorp/azurerm\"]",
      "instances": [
        {
          "schema_version": 0,
          "attributes": {
            "additional_capabilities": [],
            "admin_password": null,
            "admin_ssh_key": [
              {
                "public_key": "ssh-rsa AAAAB3NzaC1yc2EAAAADAQABAAABgQDjs/eE1Dw4ICj4NFo26wi74XmghJV0tFKYOJ9OxW970E76ALJ4pD9CnSzSOk1m0QrtNeDmYY66UJuocxzihDlbqqa8boSxTCYkG4YX9HFOjMHH+lldDA0iz+s80Mn2ZA55CaOWCyRI1T4GPGTIk7qfho8IOKuRvy3rHOjRXRKFFqhj7sK+3UItaaG0nu4r3MKg86t2QU+cTBtk0ASexa/zBpHZpCtJ+agLdUpa4g1JtYwfmRXs0Re28qUVudvwV1cA6NV9yix/9FhOMT0o/EGaeCwhR/xSPywBLt6cfQeLSRrCAkZXjJm3yL0v5S/ZU5KGEvgqB3k9COl9YH5NDnX9WDWF/MrRogLF8ardwXo5Rn9Wx6bxBtKC5S4a5Nt9gDJBpX8msFriXW+a1sntYUzKM2QRYHuEvbNWCdG9rbD4J8BTsawvcFzOGl0UrDgbFFY7adDpfQPS86Slsm0EiQsDvIZV6PkFy+23i9tLyRc7bWRZxRgCKxDP/xUprtl7EDs= shaun@DESKTOP-DDNS827\r\n",
                "username": "adminuser"
              }
            ],
            "admin_username": "adminuser",
            "allow_extension_operations": true,
            "availability_set_id": "",
            "boot_diagnostics": [],
            "bypass_platform_safety_checks_on_user_schedule_enabled": false,
            "capacity_reservation_group_id": "",
            "computer_name": "mtclab-vm",
            "custom_data": "IyEvYmluL2Jhc2gNCnN1ZG8gYXB0LWdldCB1cGRhdGUgLXkgJiYNCnN1ZG8gYXB0LWdldCB1cGRhdGUgLXkNCnN1ZG8gYXB0LWdldCBpbnN0YWxsIC15IGFwdC10cmFuc3BvcnQtaHR0cHMgY2EtY2VydGlmaWNhdGVzIGN1cmwgZ251cGctYWdlbnQgc29mdHdhcmUtcHJvcGVydGllcy1jb21tb24NCmN1cmwgLWZzU0wgaHR0cHM6Ly9kb3dubG9hZC5kb2NrZXIuY29tL2xpbnV4L3VidW50dS9ncGcgfCBzdWRvIGFwdC1rZXkgYWRkIC0gJiYNCnN1ZG8gYWRkLWFwdC1yZXBvc2l0b3J5ICJkZWIgW2FyY2g9YW1kNjRdIGh0dHBzOi8vZG93bmxvYWQuZG9ja2VyLmNvbS9saW51eC91YnVudHUgJChsc2JfcmVsZWFzZSAtY3MpIHN0YWJsZSIgJiYNCnN1ZG8gYXB0LWdldCB1cGRhdGUgLXkgJiYNCnN1ZG8gc3VkbyBhcHQtZ2V0IGluc3RhbGwgZG9ja2VyLWNlIGRvY2tlci1jZS1jbGkgY29udGFpbmVyZC5pbyAteSAmJg0Kc3VkbyB1c2VybW9kIC1hRyBkb2NrZXIgdWJ1bnR1",
            "dedicated_host_group_id": "",
            "dedicated_host_id": "",
            "disable_password_authentication": true,
            "disk_controller_type": "",
            "edge_zone": "",
            "encryption_at_host_enabled": false,
            "eviction_policy": "",
            "extensions_time_budget": "PT1H30M",
            "gallery_application": [],
            "id": "/subscriptions/a4c2f38b-78ba-42c2-8ff5-c618899339c5/resourceGroups/mtclab-resources/providers/Microsoft.Compute/virtualMachines/mtclab-vm",
            "identity": [],
            "license_type": "",
            "location": "eastus",
            "max_bid_price": -1,
            "name": "mtclab-vm",
            "network_interface_ids": [
              "/subscriptions/a4c2f38b-78ba-42c2-8ff5-c618899339c5/resourceGroups/mtclab-resources/providers/Microsoft.Network/networkInterfaces/mtclab-nic"
            ],
            "os_disk": [
              {
                "caching": "ReadWrite",
                "diff_disk_settings": [],
                "disk_encryption_set_id": "",
                "disk_size_gb": 30,
                "name": "mtclab-vm_OsDisk_1_13eaadc70daf4a6faab834e31e28f47c",
                "secure_vm_disk_encryption_set_id": "",
                "security_encryption_type": "",
                "storage_account_type": "Standard_LRS",
                "write_accelerator_enabled": false
              }
            ],
            "os_image_notification": [],
            "patch_assessment_mode": "ImageDefault",
            "patch_mode": "ImageDefault",
            "plan": [],
            "platform_fault_domain": -1,
            "priority": "Regular",
            "private_ip_address": "10.123.1.4",
            "private_ip_addresses": [
              "10.123.1.4"
            ],
            "provision_vm_agent": true,
            "proximity_placement_group_id": "",
            "public_ip_address": "40.121.108.248",
            "public_ip_addresses": [
              "40.121.108.248"
            ],
            "reboot_setting": "",
            "resource_group_name": "mtclab-resources",
            "secret": [],
            "secure_boot_enabled": false,
            "size": "Standard_B1s",
            "source_image_id": "",
            "source_image_reference": [
              {
                "offer": "UbuntuServer",
                "publisher": "Canonical",
                "sku": "18.04-LTS",
                "version": "latest"
              }
            ],
            "tags": {},
            "termination_notification": [],
            "timeouts": null,
            "user_data": "",
            "virtual_machine_id": "f296e023-dddd-44ac-ab2d-76a4da559cc5",
            "virtual_machine_scale_set_id": "",
            "vm_agent_platform_updates_enabled": false,
            "vtpm_enabled": false,
            "zone": ""
          },
          "sensitive_attributes": [
            [
              {
                "type": "get_attr",
                "value": "custom_data"
              }
            ],
            [
              {
                "type": "get_attr",
                "value": "admin_password"
              }
            ]
          ],
          "private": "eyJlMmJmYjczMC1lY2FhLTExZTYtOGY4OC0zNDM2M2JjN2M0YzAiOnsiY3JlYXRlIjoyNzAwMDAwMDAwMDAwLCJkZWxldGUiOjI3MDAwMDAwMDAwMDAsInJlYWQiOjMwMDAwMDAwMDAwMCwidXBkYXRlIjoyNzAwMDAwMDAwMDAwfX0=",
          "dependencies": [
            "azurerm_network_interface.mtclab-nic",
            "azurerm_public_ip.mtclab-ip",
            "azurerm_resource_group.mtclab-rg",
            "azurerm_subnet.mtclab-subnet",
            "azurerm_virtual_network.mtclab-vn"
          ]
        }
      ]
    },
    {
      "mode": "managed",
      "type": "azurerm_network_interface",
      "name": "mtclab-nic",
      "provider": "provider[\"registry.terraform.io/hashicorp/azurerm\"]",
      "instances": [
        {
          "schema_version": 0,
          "attributes": {
            "accelerated_networking_enabled": false,
            "applied_dns_servers": [],
            "auxiliary_mode": "",
            "auxiliary_sku": "",
            "dns_servers": [],
            "edge_zone": "",
            "id": "/subscriptions/a4c2f38b-78ba-42c2-8ff5-c618899339c5/resourceGroups/mtclab-resources/providers/Microsoft.Network/networkInterfaces/mtclab-nic",
            "internal_dns_name_label": "",
            "internal_domain_name_suffix": "3locw0x3aykebdzza1wjfdb4je.bx.internal.cloudapp.net",
            "ip_configuration": [
              {
                "gateway_load_balancer_frontend_ip_configuration_id": "",
                "name": "internal",
                "primary": true,
                "private_ip_address": "10.123.1.4",
                "private_ip_address_allocation": "Dynamic",
                "private_ip_address_version": "IPv4",
                "public_ip_address_id": "/subscriptions/a4c2f38b-78ba-42c2-8ff5-c618899339c5/resourceGroups/mtclab-resources/providers/Microsoft.Network/publicIPAddresses/mtclab-ip",
                "subnet_id": "/subscriptions/a4c2f38b-78ba-42c2-8ff5-c618899339c5/resourceGroups/mtclab-resources/providers/Microsoft.Network/virtualNetworks/mtclab-network/subnets/mtclab-subnet"
              }
            ],
            "ip_forwarding_enabled": false,
            "location": "eastus",
            "mac_address": "60-45-BD-D2-F5-B3",
            "name": "mtclab-nic",
            "private_ip_address": "10.123.1.4",
            "private_ip_addresses": [
              "10.123.1.4"
            ],
            "resource_group_name": "mtclab-resources",
            "tags": {
              "environment": "dev"
            },
            "timeouts": null,
            "virtual_machine_id": "/subscriptions/a4c2f38b-78ba-42c2-8ff5-c618899339c5/resourceGroups/mtclab-resources/providers/Microsoft.Compute/virtualMachines/mtclab-vm"
          },
          "sensitive_attributes": [],
          "private": "eyJlMmJmYjczMC1lY2FhLTExZTYtOGY4OC0zNDM2M2JjN2M0YzAiOnsiY3JlYXRlIjoxODAwMDAwMDAwMDAwLCJkZWxldGUiOjE4MDAwMDAwMDAwMDAsInJlYWQiOjMwMDAwMDAwMDAwMCwidXBkYXRlIjoxODAwMDAwMDAwMDAwfX0=",
          "dependencies": [
            "azurerm_public_ip.mtclab-ip",
            "azurerm_resource_group.mtclab-rg",
            "azurerm_subnet.mtclab-subnet",
            "azurerm_virtual_network.mtclab-vn"
          ]
        }
      ]
    },
    {
      "mode": "managed",
      "type": "azurerm_network_security_group",
      "name": "mtclab-sg",
      "provider": "provider[\"registry.terraform.io/hashicorp/azurerm\"]",
      "instances": [
        {
          "schema_version": 0,
          "attributes": {
            "id": "/subscriptions/a4c2f38b-78ba-42c2-8ff5-c618899339c5/resourceGroups/mtclab-resources/providers/Microsoft.Network/networkSecurityGroups/mtclab-sg",
            "location": "eastus",
            "name": "mtclab-sg",
            "resource_group_name": "mtclab-resources",
            "security_rule": [
              {
                "access": "Allow",
                "description": "",
                "destination_address_prefix": "*",
                "destination_address_prefixes": [],
                "destination_application_security_group_ids": [],
                "destination_port_range": "*",
                "destination_port_ranges": [],
                "direction": "Inbound",
                "name": "mtclab-dev-rule",
                "priority": 100,
                "protocol": "*",
                "source_address_prefix": "*",
                "source_address_prefixes": [],
                "source_application_security_group_ids": [],
                "source_port_range": "*",
                "source_port_ranges": []
              }
            ],
            "tags": {
              "environment": "dev"
            },
            "timeouts": null
          },
          "sensitive_attributes": [],
          "private": "eyJlMmJmYjczMC1lY2FhLTExZTYtOGY4OC0zNDM2M2JjN2M0YzAiOnsiY3JlYXRlIjoxODAwMDAwMDAwMDAwLCJkZWxldGUiOjE4MDAwMDAwMDAwMDAsInJlYWQiOjMwMDAwMDAwMDAwMCwidXBkYXRlIjoxODAwMDAwMDAwMDAwfX0=",
          "dependencies": [
            "azurerm_resource_group.mtclab-rg"
          ]
        }
      ]
    },
    {
      "mode": "managed",
      "type": "azurerm_network_security_rule",
      "name": "mtclab-dev-rule",
      "provider": "provider[\"registry.terraform.io/hashicorp/azurerm\"]",
      "instances": [
        {
          "schema_version": 0,
          "attributes": {
            "access": "Allow",
            "description": "",
            "destination_address_prefix": "*",
            "destination_address_prefixes": [],
            "destination_application_security_group_ids": [],
            "destination_port_range": "*",
            "destination_port_ranges": [],
            "direction": "Inbound",
            "id": "/subscriptions/a4c2f38b-78ba-42c2-8ff5-c618899339c5/resourceGroups/mtclab-resources/providers/Microsoft.Network/networkSecurityGroups/mtclab-sg/securityRules/mtclab-dev-rule",
            "name": "mtclab-dev-rule",
            "network_security_group_name": "mtclab-sg",
            "priority": 100,
            "protocol": "*",
            "resource_group_name": "mtclab-resources",
            "source_address_prefix": "*",
            "source_address_prefixes": [],
            "source_application_security_group_ids": [],
            "source_port_range": "*",
            "source_port_ranges": [],
            "timeouts": null
          },
          "sensitive_attributes": [],
          "private": "eyJlMmJmYjczMC1lY2FhLTExZTYtOGY4OC0zNDM2M2JjN2M0YzAiOnsiY3JlYXRlIjoxODAwMDAwMDAwMDAwLCJkZWxldGUiOjE4MDAwMDAwMDAwMDAsInJlYWQiOjMwMDAwMDAwMDAwMCwidXBkYXRlIjoxODAwMDAwMDAwMDAwfX0=",
          "dependencies": [
            "azurerm_network_security_group.mtclab-sg",
            "azurerm_resource_group.mtclab-rg"
          ]
        }
      ]
    },
    {
      "mode": "managed",
      "type": "azurerm_public_ip",
      "name": "mtclab-ip",
      "provider": "provider[\"registry.terraform.io/hashicorp/azurerm\"]",
      "instances": [
        {
          "schema_version": 0,
          "attributes": {
            "allocation_method": "Dynamic",
            "ddos_protection_mode": "VirtualNetworkInherited",
            "ddos_protection_plan_id": null,
            "domain_name_label": null,
            "edge_zone": "",
            "fqdn": null,
            "id": "/subscriptions/a4c2f38b-78ba-42c2-8ff5-c618899339c5/resourceGroups/mtclab-resources/providers/Microsoft.Network/publicIPAddresses/mtclab-ip",
            "idle_timeout_in_minutes": 4,
            "ip_address": "40.121.108.248",
            "ip_tags": {},
            "ip_version": "IPv4",
            "location": "eastus",
            "name": "mtclab-ip",
            "public_ip_prefix_id": null,
            "resource_group_name": "mtclab-resources",
            "reverse_fqdn": null,
            "sku": "Basic",
            "sku_tier": "Regional",
            "tags": {
              "environment": "dev"
            },
            "timeouts": null,
            "zones": []
          },
          "sensitive_attributes": [],
          "private": "eyJlMmJmYjczMC1lY2FhLTExZTYtOGY4OC0zNDM2M2JjN2M0YzAiOnsiY3JlYXRlIjoxODAwMDAwMDAwMDAwLCJkZWxldGUiOjE4MDAwMDAwMDAwMDAsInJlYWQiOjMwMDAwMDAwMDAwMCwidXBkYXRlIjoxODAwMDAwMDAwMDAwfX0=",
          "dependencies": [
            "azurerm_resource_group.mtclab-rg"
          ]
        }
      ]
    },
    {
      "mode": "managed",
      "type": "azurerm_resource_group",
      "name": "mtclab-rg",
      "provider": "provider[\"registry.terraform.io/hashicorp/azurerm\"]",
      "instances": [
        {
          "schema_version": 0,
          "attributes": {
            "id": "/subscriptions/a4c2f38b-78ba-42c2-8ff5-c618899339c5/resourceGroups/mtclab-resources",
            "location": "eastus",
            "managed_by": "",
            "name": "mtclab-resources",
            "tags": {
              "environment": "dev"
            },
            "timeouts": null
          },
          "sensitive_attributes": [],
          "private": "eyJlMmJmYjczMC1lY2FhLTExZTYtOGY4OC0zNDM2M2JjN2M0YzAiOnsiY3JlYXRlIjo1NDAwMDAwMDAwMDAwLCJkZWxldGUiOjU0MDAwMDAwMDAwMDAsInJlYWQiOjMwMDAwMDAwMDAwMCwidXBkYXRlIjo1NDAwMDAwMDAwMDAwfX0="
        }
      ]
    },
    {
      "mode": "managed",
      "type": "azurerm_subnet",
      "name": "mtclab-subnet",
      "provider": "provider[\"registry.terraform.io/hashicorp/azurerm\"]",
      "instances": [
        {
          "schema_version": 0,
          "attributes": {
            "address_prefixes": [
              "10.123.1.0/24"
            ],
            "default_outbound_access_enabled": true,
            "delegation": [],
            "id": "/subscriptions/a4c2f38b-78ba-42c2-8ff5-c618899339c5/resourceGroups/mtclab-resources/providers/Microsoft.Network/virtualNetworks/mtclab-network/subnets/mtclab-subnet",
            "name": "mtclab-subnet",
            "private_endpoint_network_policies": "Disabled",
            "private_link_service_network_policies_enabled": true,
            "resource_group_name": "mtclab-resources",
            "service_endpoint_policy_ids": [],
            "service_endpoints": [],
            "timeouts": null,
            "virtual_network_name": "mtclab-network"
          },
          "sensitive_attributes": [],
          "private": "eyJlMmJmYjczMC1lY2FhLTExZTYtOGY4OC0zNDM2M2JjN2M0YzAiOnsiY3JlYXRlIjoxODAwMDAwMDAwMDAwLCJkZWxldGUiOjE4MDAwMDAwMDAwMDAsInJlYWQiOjMwMDAwMDAwMDAwMCwidXBkYXRlIjoxODAwMDAwMDAwMDAwfX0=",
          "dependencies": [
            "azurerm_resource_group.mtclab-rg",
            "azurerm_virtual_network.mtclab-vn"
          ]
        }
      ]
    },
    {
      "mode": "managed",
      "type": "azurerm_subnet_network_security_group_association",
      "name": "mtclab-sga",
      "provider": "provider[\"registry.terraform.io/hashicorp/azurerm\"]",
      "instances": [
        {
          "schema_version": 0,
          "attributes": {
            "id": "/subscriptions/a4c2f38b-78ba-42c2-8ff5-c618899339c5/resourceGroups/mtclab-resources/providers/Microsoft.Network/virtualNetworks/mtclab-network/subnets/mtclab-subnet",
            "network_security_group_id": "/subscriptions/a4c2f38b-78ba-42c2-8ff5-c618899339c5/resourceGroups/mtclab-resources/providers/Microsoft.Network/networkSecurityGroups/mtclab-sg",
            "subnet_id": "/subscriptions/a4c2f38b-78ba-42c2-8ff5-c618899339c5/resourceGroups/mtclab-resources/providers/Microsoft.Network/virtualNetworks/mtclab-network/subnets/mtclab-subnet",
            "timeouts": null
          },
          "sensitive_attributes": [],
          "private": "eyJlMmJmYjczMC1lY2FhLTExZTYtOGY4OC0zNDM2M2JjN2M0YzAiOnsiY3JlYXRlIjoxODAwMDAwMDAwMDAwLCJkZWxldGUiOjE4MDAwMDAwMDAwMDAsInJlYWQiOjMwMDAwMDAwMDAwMH19",
          "dependencies": [
            "azurerm_network_security_group.mtclab-sg",
            "azurerm_resource_group.mtclab-rg",
            "azurerm_subnet.mtclab-subnet",
            "azurerm_virtual_network.mtclab-vn"
          ]
        }
      ]
    },
    {
      "mode": "managed",
      "type": "azurerm_virtual_network",
      "name": "mtclab-vn",
      "provider": "provider[\"registry.terraform.io/hashicorp/azurerm\"]",
      "instances": [
        {
          "schema_version": 0,
          "attributes": {
            "address_space": [
              "10.123.0.0/16"
            ],
            "bgp_community": "",
            "ddos_protection_plan": [],
            "dns_servers": [],
            "edge_zone": "",
            "encryption": [],
            "flow_timeout_in_minutes": 0,
            "guid": "6a2bdcea-06fd-4014-8f39-06ec928c3e4c",
            "id": "/subscriptions/a4c2f38b-78ba-42c2-8ff5-c618899339c5/resourceGroups/mtclab-resources/providers/Microsoft.Network/virtualNetworks/mtclab-network",
            "location": "eastus",
            "name": "mtclab-network",
            "resource_group_name": "mtclab-resources",
            "subnet": [
              {
                "address_prefixes": [
                  "10.123.1.0/24"
                ],
                "default_outbound_access_enabled": true,
                "delegation": [],
                "id": "/subscriptions/a4c2f38b-78ba-42c2-8ff5-c618899339c5/resourceGroups/mtclab-resources/providers/Microsoft.Network/virtualNetworks/mtclab-network/subnets/mtclab-subnet",
                "name": "mtclab-subnet",
                "private_endpoint_network_policies": "Disabled",
                "private_link_service_network_policies_enabled": true,
                "route_table_id": "",
                "security_group": "/subscriptions/a4c2f38b-78ba-42c2-8ff5-c618899339c5/resourceGroups/mtclab-resources/providers/Microsoft.Network/networkSecurityGroups/mtclab-sg",
                "service_endpoint_policy_ids": [],
                "service_endpoints": []
              }
            ],
            "tags": {
              "environment": "dev"
            },
            "timeouts": null
          },
          "sensitive_attributes": [],
          "private": "eyJlMmJmYjczMC1lY2FhLTExZTYtOGY4OC0zNDM2M2JjN2M0YzAiOnsiY3JlYXRlIjoxODAwMDAwMDAwMDAwLCJkZWxldGUiOjE4MDAwMDAwMDAwMDAsInJlYWQiOjMwMDAwMDAwMDAwMCwidXBkYXRlIjoxODAwMDAwMDAwMDAwfX0=",
          "dependencies": [
            "azurerm_resource_group.mtclab-rg"
          ]
        }
      ]
    }
  ],
  "check_results": null
}
